
Microsoft Visual Studio Solution File, Format Version 12.00
# Visual Studio Version 17
VisualStudioVersion = 17.2.32630.192
MinimumVisualStudioVersion = 10.0.40219.1
Project("{9A19103F-16F7-4668-BE54-9A1E7A4F7556}") = "Learn_C_Sharp", "Learn_C_Sharp\Learn_C_Sharp.csproj", "{BB5DF7A7-8102-4017-9B6D-C845214BEDD0}"
EndProject
Project("{9A19103F-16F7-4668-BE54-9A1E7A4F7556}") = "Interface_Kullanimi", "Interface_Kullanimi\Interface_Kullanimi.csproj", "{47F60B9E-D33D-4B25-A02D-D0100B14E0BC}"
EndProject
Project("{9A19103F-16F7-4668-BE54-9A1E7A4F7556}") = "Interface_Demo_App", "Interface_Demo_App\Interface_Demo_App.csproj", "{20CABBC9-B97F-4F06-9F52-D8CFD3C3457F}"
EndProject
Project("{9A19103F-16F7-4668-BE54-9A1E7A4F7556}") = "Inheritance", "Inheritance\Inheritance.csproj", "{BC256121-E40B-4836-A815-3CDF76FD3359}"
EndProject
Project("{FAE04EC0-301F-11D3-BF4B-00C04F79EFBC}") = "VirtualMethods", "VirtualMethods\VirtualMethods.csproj", "{5D183ADF-4EB1-4338-8FFC-40DDA1715FE0}"
EndProject
Project("{FAE04EC0-301F-11D3-BF4B-00C04F79EFBC}") = "AbstractClasses", "AbstractClasses\AbstractClasses.csproj", "{D66C4055-B741-47F4-BA24-32F4D3CE37B3}"
EndProject
Project("{FAE04EC0-301F-11D3-BF4B-00C04F79EFBC}") = "RecapDemo2", "RecapDemo2\RecapDemo2.csproj", "{4EAEEC78-1765-405A-8FD9-061ADFEE63D4}"
EndProject
Global
	GlobalSection(SolutionConfigurationPlatforms) = preSolution
		Debug|Any CPU = Debug|Any CPU
		Release|Any CPU = Release|Any CPU
	EndGlobalSection
	GlobalSection(ProjectConfigurationPlatforms) = postSolution
		{BB5DF7A7-8102-4017-9B6D-C845214BEDD0}.Debug|Any CPU.ActiveCfg = Debug|Any CPU
		{BB5DF7A7-8102-4017-9B6D-C845214BEDD0}.Debug|Any CPU.Build.0 = Debug|Any CPU
		{BB5DF7A7-8102-4017-9B6D-C845214BEDD0}.Release|Any CPU.ActiveCfg = Release|Any CPU
		{BB5DF7A7-8102-4017-9B6D-C845214BEDD0}.Release|Any CPU.Build.0 = Release|Any CPU
		{47F60B9E-D33D-4B25-A02D-D0100B14E0BC}.Debug|Any CPU.ActiveCfg = Debug|Any CPU
		{47F60B9E-D33D-4B25-A02D-D0100B14E0BC}.Debug|Any CPU.Build.0 = Debug|Any CPU
		{47F60B9E-D33D-4B25-A02D-D0100B14E0BC}.Release|Any CPU.ActiveCfg = Release|Any CPU
		{47F60B9E-D33D-4B25-A02D-D0100B14E0BC}.Release|Any CPU.Build.0 = Release|Any CPU
		{20CABBC9-B97F-4F06-9F52-D8CFD3C3457F}.Debug|Any CPU.ActiveCfg = Debug|Any CPU
		{20CABBC9-B97F-4F06-9F52-D8CFD3C3457F}.Debug|Any CPU.Build.0 = Debug|Any CPU
		{20CABBC9-B97F-4F06-9F52-D8CFD3C3457F}.Release|Any CPU.ActiveCfg = Release|Any CPU
		{20CABBC9-B97F-4F06-9F52-D8CFD3C3457F}.Release|Any CPU.Build.0 = Release|Any CPU
		{BC256121-E40B-4836-A815-3CDF76FD3359}.Debug|Any CPU.ActiveCfg = Debug|Any CPU
		{BC256121-E40B-4836-A815-3CDF76FD3359}.Debug|Any CPU.Build.0 = Debug|Any CPU
		{BC256121-E40B-4836-A815-3CDF76FD3359}.Release|Any CPU.ActiveCfg = Release|Any CPU
		{BC256121-E40B-4836-A815-3CDF76FD3359}.Release|Any CPU.Build.0 = Release|Any CPU
		{5D183ADF-4EB1-4338-8FFC-40DDA1715FE0}.Debug|Any CPU.ActiveCfg = Debug|Any CPU
		{5D183ADF-4EB1-4338-8FFC-40DDA1715FE0}.Debug|Any CPU.Build.0 = Debug|Any CPU
		{5D183ADF-4EB1-4338-8FFC-40DDA1715FE0}.Release|Any CPU.ActiveCfg = Release|Any CPU
		{5D183ADF-4EB1-4338-8FFC-40DDA1715FE0}.Release|Any CPU.Build.0 = Release|Any CPU
		{D66C4055-B741-47F4-BA24-32F4D3CE37B3}.Debug|Any CPU.ActiveCfg = Debug|Any CPU
		{D66C4055-B741-47F4-BA24-32F4D3CE37B3}.Debug|Any CPU.Build.0 = Debug|Any CPU
		{D66C4055-B741-47F4-BA24-32F4D3CE37B3}.Release|Any CPU.ActiveCfg = Release|Any CPU
		{D66C4055-B741-47F4-BA24-32F4D3CE37B3}.Release|Any CPU.Build.0 = Release|Any CPU
		{4EAEEC78-1765-405A-8FD9-061ADFEE63D4}.Debug|Any CPU.ActiveCfg = Debug|Any CPU
		{4EAEEC78-1765-405A-8FD9-061ADFEE63D4}.Debug|Any CPU.Build.0 = Debug|Any CPU
		{4EAEEC78-1765-405A-8FD9-061ADFEE63D4}.Release|Any CPU.ActiveCfg = Release|Any CPU
		{4EAEEC78-1765-405A-8FD9-061ADFEE63D4}.Release|Any CPU.Build.0 = Release|Any CPU
	EndGlobalSection
	GlobalSection(SolutionProperties) = preSolution
		HideSolutionNode = FALSE
	EndGlobalSection
	GlobalSection(ExtensibilityGlobals) = postSolution
		SolutionGuid = {F4ABE175-81FC-41E5-ADB3-ECE85CF0E3B6}
	EndGlobalSection
EndGlobal
